// !$*UTF8*$!
{
	archiveVersion = 1;
	classes = {
	};
	objectVersion = 50;
	objects = {

/* Begin PBXBuildFile section */
		BF456A4925F4E57800BA28DD /* MorseCharacter.swift in Sources */ = {isa = PBXBuildFile; fileRef = BF456A4825F4E57800BA28DD /* MorseCharacter.swift */; };
		BF456A4C25F4E67F00BA28DD /* MorseWord.swift in Sources */ = {isa = PBXBuildFile; fileRef = BF456A4B25F4E67F00BA28DD /* MorseWord.swift */; };
		BF456A4F25F4E68F00BA28DD /* MorseText.swift in Sources */ = {isa = PBXBuildFile; fileRef = BF456A4E25F4E68F00BA28DD /* MorseText.swift */; };
		BF456A5225F4E90700BA28DD /* MorseUtility.swift in Sources */ = {isa = PBXBuildFile; fileRef = BF456A5125F4E90700BA28DD /* MorseUtility.swift */; };
		BF456A5625F54D6B00BA28DD /* MorseTorch.swift in Sources */ = {isa = PBXBuildFile; fileRef = BF456A5525F54D6B00BA28DD /* MorseTorch.swift */; };
		BF456A6625F5BAFD00BA28DD /* MorseCodeGridView.swift in Sources */ = {isa = PBXBuildFile; fileRef = BF456A6525F5BAFD00BA28DD /* MorseCodeGridView.swift */; };
		BF456A6A25F705AC00BA28DD /* TextView.swift in Sources */ = {isa = PBXBuildFile; fileRef = BF456A6925F705AC00BA28DD /* TextView.swift */; };
		BF9126E925F9325600B9F402 /* MorseStandard.swift in Sources */ = {isa = PBXBuildFile; fileRef = BF9126E825F9325600B9F402 /* MorseStandard.swift */; };
		BF9126EE25F947F500B9F402 /* InternationalMorseStandard.swift in Sources */ = {isa = PBXBuildFile; fileRef = BF9126ED25F947F500B9F402 /* InternationalMorseStandard.swift */; };
		BF9E31A925E5EACC00073695 /* AVFoundation.framework in Frameworks */ = {isa = PBXBuildFile; fileRef = BF9E31A825E5EACC00073695 /* AVFoundation.framework */; };
		BF9E31B025E9714300073695 /* CircleImage.swift in Sources */ = {isa = PBXBuildFile; fileRef = BF9E31AF25E9714300073695 /* CircleImage.swift */; };
		BF9E31BE25E9E88000073695 /* MyButton.swift in Sources */ = {isa = PBXBuildFile; fileRef = BF9E31BD25E9E88000073695 /* MyButton.swift */; };
		BFA0B76025E4ADB900C601A3 /* Empty_WindowApp.swift in Sources */ = {isa = PBXBuildFile; fileRef = BFA0B75F25E4ADB900C601A3 /* Empty_WindowApp.swift */; };
		BFA0B76225E4ADB900C601A3 /* ContentView.swift in Sources */ = {isa = PBXBuildFile; fileRef = BFA0B76125E4ADB900C601A3 /* ContentView.swift */; };
		BFA0B76425E4ADBB00C601A3 /* Assets.xcassets in Resources */ = {isa = PBXBuildFile; fileRef = BFA0B76325E4ADBB00C601A3 /* Assets.xcassets */; };
		BFA0B76725E4ADBB00C601A3 /* Preview Assets.xcassets in Resources */ = {isa = PBXBuildFile; fileRef = BFA0B76625E4ADBB00C601A3 /* Preview Assets.xcassets */; };
/* End PBXBuildFile section */

/* Begin PBXFileReference section */
		BF456A4825F4E57800BA28DD /* MorseCharacter.swift */ = {isa = PBXFileReference; lastKnownFileType = sourcecode.swift; path = MorseCharacter.swift; sourceTree = "<group>"; };
		BF456A4B25F4E67F00BA28DD /* MorseWord.swift */ = {isa = PBXFileReference; lastKnownFileType = sourcecode.swift; path = MorseWord.swift; sourceTree = "<group>"; };
		BF456A4E25F4E68F00BA28DD /* MorseText.swift */ = {isa = PBXFileReference; lastKnownFileType = sourcecode.swift; path = MorseText.swift; sourceTree = "<group>"; };
		BF456A5125F4E90700BA28DD /* MorseUtility.swift */ = {isa = PBXFileReference; lastKnownFileType = sourcecode.swift; path = MorseUtility.swift; sourceTree = "<group>"; };
		BF456A5525F54D6B00BA28DD /* MorseTorch.swift */ = {isa = PBXFileReference; lastKnownFileType = sourcecode.swift; path = MorseTorch.swift; sourceTree = "<group>"; };
		BF456A6525F5BAFD00BA28DD /* MorseCodeGridView.swift */ = {isa = PBXFileReference; lastKnownFileType = sourcecode.swift; path = MorseCodeGridView.swift; sourceTree = "<group>"; };
		BF456A6925F705AC00BA28DD /* TextView.swift */ = {isa = PBXFileReference; lastKnownFileType = sourcecode.swift; path = TextView.swift; sourceTree = "<group>"; };
		BF9126E825F9325600B9F402 /* MorseStandard.swift */ = {isa = PBXFileReference; lastKnownFileType = sourcecode.swift; path = MorseStandard.swift; sourceTree = "<group>"; };
		BF9126ED25F947F500B9F402 /* InternationalMorseStandard.swift */ = {isa = PBXFileReference; lastKnownFileType = sourcecode.swift; path = InternationalMorseStandard.swift; sourceTree = "<group>"; };
		BF9E31A825E5EACC00073695 /* AVFoundation.framework */ = {isa = PBXFileReference; lastKnownFileType = wrapper.framework; name = AVFoundation.framework; path = System/Library/Frameworks/AVFoundation.framework; sourceTree = SDKROOT; };
		BF9E31AF25E9714300073695 /* CircleImage.swift */ = {isa = PBXFileReference; lastKnownFileType = sourcecode.swift; path = CircleImage.swift; sourceTree = "<group>"; };
		BF9E31BD25E9E88000073695 /* MyButton.swift */ = {isa = PBXFileReference; lastKnownFileType = sourcecode.swift; path = MyButton.swift; sourceTree = "<group>"; };
		BFA0B75C25E4ADB900C601A3 /* Empty Window.app */ = {isa = PBXFileReference; explicitFileType = wrapper.application; includeInIndex = 0; path = "Empty Window.app"; sourceTree = BUILT_PRODUCTS_DIR; };
		BFA0B75F25E4ADB900C601A3 /* Empty_WindowApp.swift */ = {isa = PBXFileReference; lastKnownFileType = sourcecode.swift; path = Empty_WindowApp.swift; sourceTree = "<group>"; };
		BFA0B76125E4ADB900C601A3 /* ContentView.swift */ = {isa = PBXFileReference; lastKnownFileType = sourcecode.swift; path = ContentView.swift; sourceTree = "<group>"; };
		BFA0B76325E4ADBB00C601A3 /* Assets.xcassets */ = {isa = PBXFileReference; lastKnownFileType = folder.assetcatalog; path = Assets.xcassets; sourceTree = "<group>"; };
		BFA0B76625E4ADBB00C601A3 /* Preview Assets.xcassets */ = {isa = PBXFileReference; lastKnownFileType = folder.assetcatalog; path = "Preview Assets.xcassets"; sourceTree = "<group>"; };
		BFA0B76825E4ADBB00C601A3 /* Info.plist */ = {isa = PBXFileReference; lastKnownFileType = text.plist.xml; path = Info.plist; sourceTree = "<group>"; };
/* End PBXFileReference section */

/* Begin PBXFrameworksBuildPhase section */
		BFA0B75925E4ADB900C601A3 /* Frameworks */ = {
			isa = PBXFrameworksBuildPhase;
			buildActionMask = 2147483647;
			files = (
				BF9E31A925E5EACC00073695 /* AVFoundation.framework in Frameworks */,
			);
			runOnlyForDeploymentPostprocessing = 0;
		};
/* End PBXFrameworksBuildPhase section */

/* Begin PBXGroup section */
		BF9E31A725E5EACB00073695 /* Frameworks */ = {
			isa = PBXGroup;
			children = (
				BF9E31A825E5EACC00073695 /* AVFoundation.framework */,
			);
			name = Frameworks;
			sourceTree = "<group>";
		};
		BFA0B75325E4ADB900C601A3 = {
			isa = PBXGroup;
			children = (
				BFA0B75E25E4ADB900C601A3 /* Empty Window */,
				BFA0B75D25E4ADB900C601A3 /* Products */,
				BF9E31A725E5EACB00073695 /* Frameworks */,
			);
			sourceTree = "<group>";
		};
		BFA0B75D25E4ADB900C601A3 /* Products */ = {
			isa = PBXGroup;
			children = (
				BFA0B75C25E4ADB900C601A3 /* Empty Window.app */,
			);
			name = Products;
			sourceTree = "<group>";
		};
		BFA0B75E25E4ADB900C601A3 /* Empty Window */ = {
			isa = PBXGroup;
			children = (
				BFA0B76325E4ADBB00C601A3 /* Assets.xcassets */,
				BFA0B75F25E4ADB900C601A3 /* Empty_WindowApp.swift */,
				BFA0B76825E4ADBB00C601A3 /* Info.plist */,
				BF9E31BD25E9E88000073695 /* MyButton.swift */,
				BFA0B76125E4ADB900C601A3 /* ContentView.swift */,
				BF9E31AF25E9714300073695 /* CircleImage.swift */,
				BF456A4825F4E57800BA28DD /* MorseCharacter.swift */,
				BF456A4B25F4E67F00BA28DD /* MorseWord.swift */,
				BF456A4E25F4E68F00BA28DD /* MorseText.swift */,
				BF456A5125F4E90700BA28DD /* MorseUtility.swift */,
				BF456A5525F54D6B00BA28DD /* MorseTorch.swift */,
				BF456A6525F5BAFD00BA28DD /* MorseCodeGridView.swift */,
				BFA0B76525E4ADBB00C601A3 /* Preview Content */,
				BF456A6925F705AC00BA28DD /* TextView.swift */,
				BF9126E825F9325600B9F402 /* MorseStandard.swift */,
				BF9126ED25F947F500B9F402 /* InternationalMorseStandard.swift */,
			);
			path = "Empty Window";
			sourceTree = "<group>";
		};
		BFA0B76525E4ADBB00C601A3 /* Preview Content */ = {
			isa = PBXGroup;
			children = (
				BFA0B76625E4ADBB00C601A3 /* Preview Assets.xcassets */,
			);
			path = "Preview Content";
			sourceTree = "<group>";
		};
/* End PBXGroup section */

/* Begin PBXNativeTarget section */
		BFA0B75B25E4ADB900C601A3 /* Empty Window */ = {
			isa = PBXNativeTarget;
			buildConfigurationList = BFA0B76B25E4ADBB00C601A3 /* Build configuration list for PBXNativeTarget "Empty Window" */;
			buildPhases = (
				BFA0B75825E4ADB900C601A3 /* Sources */,
				BFA0B75925E4ADB900C601A3 /* Frameworks */,
				BFA0B75A25E4ADB900C601A3 /* Resources */,
			);
			buildRules = (
			);
			dependencies = (
			);
			name = "Empty Window";
			productName = "Empty Window";
			productReference = BFA0B75C25E4ADB900C601A3 /* Empty Window.app */;
			productType = "com.apple.product-type.application";
		};
/* End PBXNativeTarget section */

/* Begin PBXProject section */
		BFA0B75425E4ADB900C601A3 /* Project object */ = {
			isa = PBXProject;
			attributes = {
				LastSwiftUpdateCheck = 1240;
				LastUpgradeCheck = 1240;
				TargetAttributes = {
					BFA0B75B25E4ADB900C601A3 = {
						CreatedOnToolsVersion = 12.4;
					};
				};
			};
			buildConfigurationList = BFA0B75725E4ADB900C601A3 /* Build configuration list for PBXProject "Empty Window" */;
			compatibilityVersion = "Xcode 9.3";
			developmentRegion = en;
			hasScannedForEncodings = 0;
			knownRegions = (
				en,
				Base,
			);
			mainGroup = BFA0B75325E4ADB900C601A3;
			productRefGroup = BFA0B75D25E4ADB900C601A3 /* Products */;
			projectDirPath = "";
			projectRoot = "";
			targets = (
				BFA0B75B25E4ADB900C601A3 /* Empty Window */,
			);
		};
/* End PBXProject section */

/* Begin PBXResourcesBuildPhase section */
		BFA0B75A25E4ADB900C601A3 /* Resources */ = {
			isa = PBXResourcesBuildPhase;
			buildActionMask = 2147483647;
			files = (
				BFA0B76725E4ADBB00C601A3 /* Preview Assets.xcassets in Resources */,
				BFA0B76425E4ADBB00C601A3 /* Assets.xcassets in Resources */,
			);
			runOnlyForDeploymentPostprocessing = 0;
		};
/* End PBXResourcesBuildPhase section */

/* Begin PBXSourcesBuildPhase section */
		BFA0B75825E4ADB900C601A3 /* Sources */ = {
			isa = PBXSourcesBuildPhase;
			buildActionMask = 2147483647;
			files = (
				BFA0B76225E4ADB900C601A3 /* ContentView.swift in Sources */,
				BF456A6A25F705AC00BA28DD /* TextView.swift in Sources */,
				BF9126E925F9325600B9F402 /* MorseStandard.swift in Sources */,
				BF456A4925F4E57800BA28DD /* MorseCharacter.swift in Sources */,
				BF456A4F25F4E68F00BA28DD /* MorseText.swift in Sources */,
				BF456A5625F54D6B00BA28DD /* MorseTorch.swift in Sources */,
				BF9126EE25F947F500B9F402 /* InternationalMorseStandard.swift in Sources */,
				BF456A6625F5BAFD00BA28DD /* MorseCodeGridView.swift in Sources */,
				BF9E31BE25E9E88000073695 /* MyButton.swift in Sources */,
				BF456A4C25F4E67F00BA28DD /* MorseWord.swift in Sources */,
				BFA0B76025E4ADB900C601A3 /* Empty_WindowApp.swift in Sources */,
				BF9E31B025E9714300073695 /* CircleImage.swift in Sources */,
				BF456A5225F4E90700BA28DD /* MorseUtility.swift in Sources */,
			);
			runOnlyForDeploymentPostprocessing = 0;
		};
/* End PBXSourcesBuildPhase section */

/* Begin XCBuildConfiguration section */
		BFA0B76925E4ADBB00C601A3 /* Debug */ = {
			isa = XCBuildConfiguration;
			buildSettings = {
				ALWAYS_SEARCH_USER_PATHS = NO;
				CLANG_ANALYZER_NONNULL = YES;
				CLANG_ANALYZER_NUMBER_OBJECT_CONVERSION = YES_AGGRESSIVE;
				CLANG_CXX_LANGUAGE_STANDARD = "gnu++14";
				CLANG_CXX_LIBRARY = "libc++";
				CLANG_ENABLE_MODULES = YES;
				CLANG_ENABLE_OBJC_ARC = YES;
				CLANG_ENABLE_OBJC_WEAK = YES;
				CLANG_WARN_BLOCK_CAPTURE_AUTORELEASING = YES;
				CLANG_WARN_BOOL_CONVERSION = YES;
				CLANG_WARN_COMMA = YES;
				CLANG_WARN_CONSTANT_CONVERSION = YES;
				CLANG_WARN_DEPRECATED_OBJC_IMPLEMENTATIONS = YES;
				CLANG_WARN_DIRECT_OBJC_ISA_USAGE = YES_ERROR;
				CLANG_WARN_DOCUMENTATION_COMMENTS = YES;
				CLANG_WARN_EMPTY_BODY = YES;
				CLANG_WARN_ENUM_CONVERSION = YES;
				CLANG_WARN_INFINITE_RECURSION = YES;
				CLANG_WARN_INT_CONVERSION = YES;
				CLANG_WARN_NON_LITERAL_NULL_CONVERSION = YES;
				CLANG_WARN_OBJC_IMPLICIT_RETAIN_SELF = YES;
				CLANG_WARN_OBJC_LITERAL_CONVERSION = YES;
				CLANG_WARN_OBJC_ROOT_CLASS = YES_ERROR;
				CLANG_WARN_QUOTED_INCLUDE_IN_FRAMEWORK_HEADER = YES;
				CLANG_WARN_RANGE_LOOP_ANALYSIS = YES;
				CLANG_WARN_STRICT_PROTOTYPES = YES;
				CLANG_WARN_SUSPICIOUS_MOVE = YES;
				CLANG_WARN_UNGUARDED_AVAILABILITY = YES_AGGRESSIVE;
				CLANG_WARN_UNREACHABLE_CODE = YES;
				CLANG_WARN__DUPLICATE_METHOD_MATCH = YES;
				COPY_PHASE_STRIP = NO;
				DEBUG_INFORMATION_FORMAT = dwarf;
				ENABLE_STRICT_OBJC_MSGSEND = YES;
				ENABLE_TESTABILITY = YES;
				GCC_C_LANGUAGE_STANDARD = gnu11;
				GCC_DYNAMIC_NO_PIC = NO;
				GCC_NO_COMMON_BLOCKS = YES;
				GCC_OPTIMIZATION_LEVEL = 0;
				GCC_PREPROCESSOR_DEFINITIONS = (
					"DEBUG=1",
					"$(inherited)",
				);
				GCC_WARN_64_TO_32_BIT_CONVERSION = YES;
				GCC_WARN_ABOUT_RETURN_TYPE = YES_ERROR;
				GCC_WARN_UNDECLARED_SELECTOR = YES;
				GCC_WARN_UNINITIALIZED_AUTOS = YES_AGGRESSIVE;
				GCC_WARN_UNUSED_FUNCTION = YES;
				GCC_WARN_UNUSED_VARIABLE = YES;
				IPHONEOS_DEPLOYMENT_TARGET = 14.4;
				MTL_ENABLE_DEBUG_INFO = INCLUDE_SOURCE;
				MTL_FAST_MATH = YES;
				ONLY_ACTIVE_ARCH = YES;
				SDKROOT = iphoneos;
				SWIFT_ACTIVE_COMPILATION_CONDITIONS = DEBUG;
				SWIFT_OPTIMIZATION_LEVEL = "-Onone";
			};
			name = Debug;
		};
		BFA0B76A25E4ADBB00C601A3 /* Release */ = {
			isa = XCBuildConfiguration;
			buildSettings = {
				ALWAYS_SEARCH_USER_PATHS = NO;
				CLANG_ANALYZER_NONNULL = YES;
				CLANG_ANALYZER_NUMBER_OBJECT_CONVERSION = YES_AGGRESSIVE;
				CLANG_CXX_LANGUAGE_STANDARD = "gnu++14";
				CLANG_CXX_LIBRARY = "libc++";
				CLANG_ENABLE_MODULES = YES;
				CLANG_ENABLE_OBJC_ARC = YES;
				CLANG_ENABLE_OBJC_WEAK = YES;
				CLANG_WARN_BLOCK_CAPTURE_AUTORELEASING = YES;
				CLANG_WARN_BOOL_CONVERSION = YES;
				CLANG_WARN_COMMA = YES;
				CLANG_WARN_CONSTANT_CONVERSION = YES;
				CLANG_WARN_DEPRECATED_OBJC_IMPLEMENTATIONS = YES;
				CLANG_WARN_DIRECT_OBJC_ISA_USAGE = YES_ERROR;
				CLANG_WARN_DOCUMENTATION_COMMENTS = YES;
				CLANG_WARN_EMPTY_BODY = YES;
				CLANG_WARN_ENUM_CONVERSION = YES;
				CLANG_WARN_INFINITE_RECURSION = YES;
				CLANG_WARN_INT_CONVERSION = YES;
				CLANG_WARN_NON_LITERAL_NULL_CONVERSION = YES;
				CLANG_WARN_OBJC_IMPLICIT_RETAIN_SELF = YES;
				CLANG_WARN_OBJC_LITERAL_CONVERSION = YES;
				CLANG_WARN_OBJC_ROOT_CLASS = YES_ERROR;
				CLANG_WARN_QUOTED_INCLUDE_IN_FRAMEWORK_HEADER = YES;
				CLANG_WARN_RANGE_LOOP_ANALYSIS = YES;
				CLANG_WARN_STRICT_PROTOTYPES = YES;
				CLANG_WARN_SUSPICIOUS_MOVE = YES;
				CLANG_WARN_UNGUARDED_AVAILABILITY = YES_AGGRESSIVE;
				CLANG_WARN_UNREACHABLE_CODE = YES;
				CLANG_WARN__DUPLICATE_METHOD_MATCH = YES;
				COPY_PHASE_STRIP = NO;
				DEBUG_INFORMATION_FORMAT = "dwarf-with-dsym";
				ENABLE_NS_ASSERTIONS = NO;
				ENABLE_STRICT_OBJC_MSGSEND = YES;
				GCC_C_LANGUAGE_STANDARD = gnu11;
				GCC_NO_COMMON_BLOCKS = YES;
				GCC_WARN_64_TO_32_BIT_CONVERSION = YES;
				GCC_WARN_ABOUT_RETURN_TYPE = YES_ERROR;
				GCC_WARN_UNDECLARED_SELECTOR = YES;
				GCC_WARN_UNINITIALIZED_AUTOS = YES_AGGRESSIVE;
				GCC_WARN_UNUSED_FUNCTION = YES;
				GCC_WARN_UNUSED_VARIABLE = YES;
				IPHONEOS_DEPLOYMENT_TARGET = 14.4;
				MTL_ENABLE_DEBUG_INFO = NO;
				MTL_FAST_MATH = YES;
				SDKROOT = iphoneos;
				SWIFT_COMPILATION_MODE = wholemodule;
				SWIFT_OPTIMIZATION_LEVEL = "-O";
				VALIDATE_PRODUCT = YES;
			};
			name = Release;
		};
		BFA0B76C25E4ADBB00C601A3 /* Debug */ = {
			isa = XCBuildConfiguration;
			buildSettings = {
				ASSETCATALOG_COMPILER_APPICON_NAME = AppIcon;
				ASSETCATALOG_COMPILER_GLOBAL_ACCENT_COLOR_NAME = AccentColor;
				CODE_SIGN_STYLE = Automatic;
				DEVELOPMENT_ASSET_PATHS = "\"Empty Window/Preview Content\"";
				DEVELOPMENT_TEAM = 57M7U83LVC;
				ENABLE_PREVIEWS = YES;
				INFOPLIST_FILE = "Empty Window/Info.plist";
				IPHONEOS_DEPLOYMENT_TARGET = 14.0;
				LD_RUNPATH_SEARCH_PATHS = (
					"$(inherited)",
					"@executable_path/Frameworks",
				);
				PRODUCT_BUNDLE_IDENTIFIER = "com.mcnulty.Empty-Window";
				PRODUCT_NAME = "$(TARGET_NAME)";
				SWIFT_VERSION = 5.0;
				TARGETED_DEVICE_FAMILY = "1,2";
			};
			name = Debug;
		};
		BFA0B76D25E4ADBB00C601A3 /* Release */ = {
			isa = XCBuildConfiguration;
			buildSettings = {
				ASSETCATALOG_COMPILER_APPICON_NAME = AppIcon;
				ASSETCATALOG_COMPILER_GLOBAL_ACCENT_COLOR_NAME = AccentColor;
				CODE_SIGN_STYLE = Automatic;
				DEVELOPMENT_ASSET_PATHS = "\"Empty Window/Preview Content\"";
				DEVELOPMENT_TEAM = 57M7U83LVC;
				ENABLE_PREVIEWS = YES;
				INFOPLIST_FILE = "Empty Window/Info.plist";
				IPHONEOS_DEPLOYMENT_TARGET = 14.0;
				LD_RUNPATH_SEARCH_PATHS = (
					"$(inherited)",
					"@executable_path/Frameworks",
				);
				PRODUCT_BUNDLE_IDENTIFIER = "com.mcnulty.Empty-Window";
				PRODUCT_NAME = "$(TARGET_NAME)";
				SWIFT_VERSION = 5.0;
				TARGETED_DEVICE_FAMILY = "1,2";
			};
			name = Release;
		};
/* End XCBuildConfiguration section */

/* Begin XCConfigurationList section */
		BFA0B75725E4ADB900C601A3 /* Build configuration list for PBXProject "Empty Window" */ = {
			isa = XCConfigurationList;
			buildConfigurations = (
				BFA0B76925E4ADBB00C601A3 /* Debug */,
				BFA0B76A25E4ADBB00C601A3 /* Release */,
			);
			defaultConfigurationIsVisible = 0;
			defaultConfigurationName = Release;
		};
		BFA0B76B25E4ADBB00C601A3 /* Build configuration list for PBXNativeTarget "Empty Window" */ = {
			isa = XCConfigurationList;
			buildConfigurations = (
				BFA0B76C25E4ADBB00C601A3 /* Debug */,
				BFA0B76D25E4ADBB00C601A3 /* Release */,
			);
			defaultConfigurationIsVisible = 0;
			defaultConfigurationName = Release;
		};
/* End XCConfigurationList section */
	};
	rootObject = BFA0B75425E4ADB900C601A3 /* Project object */;
}
